PODS:
  - BmobSDK (2.1.7)
  - MBProgressHUD (1.0.0)

DEPENDENCIES:
  - BmobSDK
  - MBProgressHUD (~> 1.0.0)

SPEC CHECKSUMS:
  BmobSDK: 23cbfbde2a7cfaeb0c8a946953a266fe5211e7f6
  MBProgressHUD: 4890f671c94e8a0f3cf959aa731e9de2f036d71a

PODFILE CHECKSUM: 32759e76581d850666d3225f06207458751280ec

COCOAPODS: 1.2.1
